
Microsoft Visual Studio Solution File, Format Version 12.00
# Visual Studio Version 16
VisualStudioVersion = 16.0.31005.135
MinimumVisualStudioVersion = 10.0.40219.1
Project("{FAE04EC0-301F-11D3-BF4B-00C04F79EFBC}") = "POO practica 3", "POO practica 3\POO practica 3.csproj", "{F6916944-FF06-4917-8A89-EDB6150EA3EC}"
EndProject
Global
	GlobalSection(SolutionConfigurationPlatforms) = preSolution
		Debug|Any CPU = Debug|Any CPU
		Release|Any CPU = Release|Any CPU
	EndGlobalSection
	GlobalSection(ProjectConfigurationPlatforms) = postSolution
		{F6916944-FF06-4917-8A89-EDB6150EA3EC}.Debug|Any CPU.ActiveCfg = Debug|Any CPU
		{F6916944-FF06-4917-8A89-EDB6150EA3EC}.Debug|Any CPU.Build.0 = Debug|Any CPU
		{F6916944-FF06-4917-8A89-EDB6150EA3EC}.Release|Any CPU.ActiveCfg = Release|Any CPU
		{F6916944-FF06-4917-8A89-EDB6150EA3EC}.Release|Any CPU.Build.0 = Release|Any CPU
	EndGlobalSection
	GlobalSection(SolutionProperties) = preSolution
		HideSolutionNode = FALSE
	EndGlobalSection
	GlobalSection(ExtensibilityGlobals) = postSolution
		SolutionGuid = {A38E8A30-7023-412D-BC90-811452063710}
	EndGlobalSection
EndGlobal
