
Microsoft Visual Studio Solution File, Format Version 12.00
# Visual Studio Version 16
VisualStudioVersion = 16.0.31005.135
MinimumVisualStudioVersion = 10.0.40219.1
Project("{FAE04EC0-301F-11D3-BF4B-00C04F79EFBC}") = "POO primera practica", "POO primera practica\POO primera practica.csproj", "{77DC6240-B908-426A-AEA5-1C74E46F413C}"
EndProject
Global
	GlobalSection(SolutionConfigurationPlatforms) = preSolution
		Debug|Any CPU = Debug|Any CPU
		Release|Any CPU = Release|Any CPU
	EndGlobalSection
	GlobalSection(ProjectConfigurationPlatforms) = postSolution
		{77DC6240-B908-426A-AEA5-1C74E46F413C}.Debug|Any CPU.ActiveCfg = Debug|Any CPU
		{77DC6240-B908-426A-AEA5-1C74E46F413C}.Debug|Any CPU.Build.0 = Debug|Any CPU
		{77DC6240-B908-426A-AEA5-1C74E46F413C}.Release|Any CPU.ActiveCfg = Release|Any CPU
		{77DC6240-B908-426A-AEA5-1C74E46F413C}.Release|Any CPU.Build.0 = Release|Any CPU
	EndGlobalSection
	GlobalSection(SolutionProperties) = preSolution
		HideSolutionNode = FALSE
	EndGlobalSection
	GlobalSection(ExtensibilityGlobals) = postSolution
		SolutionGuid = {946A70EB-7F99-44B3-86F6-40E6C4FA648A}
	EndGlobalSection
EndGlobal
